
Microsoft Visual Studio Solution File, Format Version 12.00
# Visual Studio 15
VisualStudioVersion = 15.0.28010.2041
MinimumVisualStudioVersion = 10.0.40219.1
Project("{FAE04EC0-301F-11D3-BF4B-00C04F79EFBC}") = "Card Flip App", "Card Flip App\Card Flip App.csproj", "{9CC05342-DCA0-4CF5-8B1F-FBB4C5F285CE}"
EndProject
Global
	GlobalSection(SolutionConfigurationPlatforms) = preSolution
		Debug|Any CPU = Debug|Any CPU
		Release|Any CPU = Release|Any CPU
	EndGlobalSection
	GlobalSection(ProjectConfigurationPlatforms) = postSolution
		{9CC05342-DCA0-4CF5-8B1F-FBB4C5F285CE}.Debug|Any CPU.ActiveCfg = Debug|Any CPU
		{9CC05342-DCA0-4CF5-8B1F-FBB4C5F285CE}.Debug|Any CPU.Build.0 = Debug|Any CPU
		{9CC05342-DCA0-4CF5-8B1F-FBB4C5F285CE}.Release|Any CPU.ActiveCfg = Release|Any CPU
		{9CC05342-DCA0-4CF5-8B1F-FBB4C5F285CE}.Release|Any CPU.Build.0 = Release|Any CPU
	EndGlobalSection
	GlobalSection(SolutionProperties) = preSolution
		HideSolutionNode = FALSE
	EndGlobalSection
	GlobalSection(ExtensibilityGlobals) = postSolution
		SolutionGuid = {DCC28329-CF3B-43BE-9551-E3004EDA1E3C}
	EndGlobalSection
EndGlobal
