
Microsoft Visual Studio Solution File, Format Version 12.00
# Visual Studio 15
VisualStudioVersion = 15.0.28010.2041
MinimumVisualStudioVersion = 10.0.40219.1
Project("{FAE04EC0-301F-11D3-BF4B-00C04F79EFBC}") = "Numbers Images App", "Numbers Images App\Numbers Images App.csproj", "{73A7DE39-C058-4E10-BA9C-0ECF2C4222AA}"
EndProject
Global
	GlobalSection(SolutionConfigurationPlatforms) = preSolution
		Debug|Any CPU = Debug|Any CPU
		Release|Any CPU = Release|Any CPU
	EndGlobalSection
	GlobalSection(ProjectConfigurationPlatforms) = postSolution
		{73A7DE39-C058-4E10-BA9C-0ECF2C4222AA}.Debug|Any CPU.ActiveCfg = Debug|Any CPU
		{73A7DE39-C058-4E10-BA9C-0ECF2C4222AA}.Debug|Any CPU.Build.0 = Debug|Any CPU
		{73A7DE39-C058-4E10-BA9C-0ECF2C4222AA}.Release|Any CPU.ActiveCfg = Release|Any CPU
		{73A7DE39-C058-4E10-BA9C-0ECF2C4222AA}.Release|Any CPU.Build.0 = Release|Any CPU
	EndGlobalSection
	GlobalSection(SolutionProperties) = preSolution
		HideSolutionNode = FALSE
	EndGlobalSection
	GlobalSection(ExtensibilityGlobals) = postSolution
		SolutionGuid = {7BFC0B82-56B8-45FD-93C4-E9E6329FC9C4}
	EndGlobalSection
EndGlobal
