
Microsoft Visual Studio Solution File, Format Version 12.00
# Visual Studio 15
VisualStudioVersion = 15.0.28010.2041
MinimumVisualStudioVersion = 10.0.40219.1
Project("{FAE04EC0-301F-11D3-BF4B-00C04F79EFBC}") = "Flags App", "Flags App\Flags App.csproj", "{FB3E9E8F-B49B-48F7-8542-EC3F312455A4}"
EndProject
Global
	GlobalSection(SolutionConfigurationPlatforms) = preSolution
		Debug|Any CPU = Debug|Any CPU
		Release|Any CPU = Release|Any CPU
	EndGlobalSection
	GlobalSection(ProjectConfigurationPlatforms) = postSolution
		{FB3E9E8F-B49B-48F7-8542-EC3F312455A4}.Debug|Any CPU.ActiveCfg = Debug|Any CPU
		{FB3E9E8F-B49B-48F7-8542-EC3F312455A4}.Debug|Any CPU.Build.0 = Debug|Any CPU
		{FB3E9E8F-B49B-48F7-8542-EC3F312455A4}.Release|Any CPU.ActiveCfg = Release|Any CPU
		{FB3E9E8F-B49B-48F7-8542-EC3F312455A4}.Release|Any CPU.Build.0 = Release|Any CPU
	EndGlobalSection
	GlobalSection(SolutionProperties) = preSolution
		HideSolutionNode = FALSE
	EndGlobalSection
	GlobalSection(ExtensibilityGlobals) = postSolution
		SolutionGuid = {16203688-3104-4A59-9A09-396A61E6FEB7}
	EndGlobalSection
EndGlobal
